<?xml version="1.0" encoding="UTF-8" standalone="yes" ?>
<CodeBlocks_project_file>
	<FileVersion major="1" minor="6" />
	<Project>
		<Option title="TankTrouble" />
		<Option makefile_is_custom="1" />
		<Option pch_mode="2" />
		<Option compiler="gcc" />
		<Option virtualFolders="addons/;src/;build config/;addons/ofxGui/src/;addons/ofxXmlSettings/src/;addons/ofxAssimpModelLoader/libs/assimp/include/;addons/ofxXmlSettings/libs/;addons/ofxVectorGraphics/libs/;addons/ofxAssimpModelLoader/libs/assimp/include/Compiler/;addons/ofxAssimpModelLoader/src/;addons/ofx3DModelLoader/src/3DS/;addons/ofxThreadedImageLoader/src/;addons/ofx3DModelLoader/src/;addons/ofxVectorGraphics/src/;" />
		<Build>
			<Target title="Debug">
				<Option output="bin/$(PROJECT_NAME)_debug" prefix_auto="1" extension_auto="1" />
				<Option working_dir="bin" />
				<Option object_output="obj/Debug/" />
				<Option external_deps="../../of_v0.8.4_linux64_release/libs/openFrameworksCompiled/lib/linux64/libopenFrameworksDebug.a;" />
				<Option type="1" />
				<Option compiler="gcc" />
				<Option projectLinkerOptionsRelation="2" />
			</Target>
			<Target title="Release">
				<Option output="bin/$(PROJECT_NAME)" prefix_auto="1" extension_auto="1" />
				<Option working_dir="bin" />
				<Option object_output="obj/Release/" />
				<Option external_deps="../../of_v0.8.4_linux64_release/libs/openFrameworksCompiled/lib/linux64/libopenFrameworks.a;" />
				<Option type="1" />
				<Option compiler="gcc" />
				<Option projectLinkerOptionsRelation="2" />
			</Target>
		</Build>
		<Unit filename="../../TankClass.cpp" />
		<Unit filename="../../TankClass.h" />
		<Unit filename="../../of_v0.8.4_linux64_release/addons/ofx3DModelLoader/src/3DS/Vector3DS.h">
			<Option virtualFolder="addons/ofx3DModelLoader/src/3DS" />
		</Unit>
		<Unit filename="../../of_v0.8.4_linux64_release/addons/ofx3DModelLoader/src/3DS/model3DS.cpp">
			<Option virtualFolder="addons/ofx3DModelLoader/src/3DS" />
		</Unit>
		<Unit filename="../../of_v0.8.4_linux64_release/addons/ofx3DModelLoader/src/3DS/model3DS.h">
			<Option virtualFolder="addons/ofx3DModelLoader/src/3DS" />
		</Unit>
		<Unit filename="../../of_v0.8.4_linux64_release/addons/ofx3DModelLoader/src/3DS/texture3DS.cpp">
			<Option virtualFolder="addons/ofx3DModelLoader/src/3DS" />
		</Unit>
		<Unit filename="../../of_v0.8.4_linux64_release/addons/ofx3DModelLoader/src/3DS/texture3DS.h">
			<Option virtualFolder="addons/ofx3DModelLoader/src/3DS" />
		</Unit>
		<Unit filename="../../of_v0.8.4_linux64_release/addons/ofx3DModelLoader/src/ofx3DBaseLoader.h">
			<Option virtualFolder="addons/ofx3DModelLoader/src" />
		</Unit>
		<Unit filename="../../of_v0.8.4_linux64_release/addons/ofx3DModelLoader/src/ofx3DModelLoader.h">
			<Option virtualFolder="addons/ofx3DModelLoader/src" />
		</Unit>
		<Unit filename="../../of_v0.8.4_linux64_release/addons/ofx3DModelLoader/src/ofx3dModelLoader.cpp">
			<Option virtualFolder="addons/ofx3DModelLoader/src" />
		</Unit>
		<Unit filename="../../of_v0.8.4_linux64_release/addons/ofxAssimpModelLoader/libs/assimp/include/Compiler/poppack1.h">
			<Option virtualFolder="addons/ofxAssimpModelLoader/libs/assimp/include/Compiler" />
		</Unit>
		<Unit filename="../../of_v0.8.4_linux64_release/addons/ofxAssimpModelLoader/libs/assimp/include/Compiler/pushpack1.h">
			<Option virtualFolder="addons/ofxAssimpModelLoader/libs/assimp/include/Compiler" />
		</Unit>
		<Unit filename="../../of_v0.8.4_linux64_release/addons/ofxAssimpModelLoader/libs/assimp/include/DefaultLogger.h">
			<Option virtualFolder="addons/ofxAssimpModelLoader/libs/assimp/include" />
		</Unit>
		<Unit filename="../../of_v0.8.4_linux64_release/addons/ofxAssimpModelLoader/libs/assimp/include/IOStream.h">
			<Option virtualFolder="addons/ofxAssimpModelLoader/libs/assimp/include" />
		</Unit>
		<Unit filename="../../of_v0.8.4_linux64_release/addons/ofxAssimpModelLoader/libs/assimp/include/IOSystem.h">
			<Option virtualFolder="addons/ofxAssimpModelLoader/libs/assimp/include" />
		</Unit>
		<Unit filename="../../of_v0.8.4_linux64_release/addons/ofxAssimpModelLoader/libs/assimp/include/LogStream.h">
			<Option virtualFolder="addons/ofxAssimpModelLoader/libs/assimp/include" />
		</Unit>
		<Unit filename="../../of_v0.8.4_linux64_release/addons/ofxAssimpModelLoader/libs/assimp/include/Logger.h">
			<Option virtualFolder="addons/ofxAssimpModelLoader/libs/assimp/include" />
		</Unit>
		<Unit filename="../../of_v0.8.4_linux64_release/addons/ofxAssimpModelLoader/libs/assimp/include/NullLogger.h">
			<Option virtualFolder="addons/ofxAssimpModelLoader/libs/assimp/include" />
		</Unit>
		<Unit filename="../../of_v0.8.4_linux64_release/addons/ofxAssimpModelLoader/libs/assimp/include/ProgressHandler.h">
			<Option virtualFolder="addons/ofxAssimpModelLoader/libs/assimp/include" />
		</Unit>
		<Unit filename="../../of_v0.8.4_linux64_release/addons/ofxAssimpModelLoader/libs/assimp/include/aiAnim.h">
			<Option virtualFolder="addons/ofxAssimpModelLoader/libs/assimp/include" />
		</Unit>
		<Unit filename="../../of_v0.8.4_linux64_release/addons/ofxAssimpModelLoader/libs/assimp/include/aiAssert.h">
			<Option virtualFolder="addons/ofxAssimpModelLoader/libs/assimp/include" />
		</Unit>
		<Unit filename="../../of_v0.8.4_linux64_release/addons/ofxAssimpModelLoader/libs/assimp/include/aiCamera.h">
			<Option virtualFolder="addons/ofxAssimpModelLoader/libs/assimp/include" />
		</Unit>
		<Unit filename="../../of_v0.8.4_linux64_release/addons/ofxAssimpModelLoader/libs/assimp/include/aiColor4D.h">
			<Option virtualFolder="addons/ofxAssimpModelLoader/libs/assimp/include" />
		</Unit>
		<Unit filename="../../of_v0.8.4_linux64_release/addons/ofxAssimpModelLoader/libs/assimp/include/aiConfig.h">
			<Option virtualFolder="addons/ofxAssimpModelLoader/libs/assimp/include" />
		</Unit>
		<Unit filename="../../of_v0.8.4_linux64_release/addons/ofxAssimpModelLoader/libs/assimp/include/aiDefines.h">
			<Option virtualFolder="addons/ofxAssimpModelLoader/libs/assimp/include" />
		</Unit>
		<Unit filename="../../of_v0.8.4_linux64_release/addons/ofxAssimpModelLoader/libs/assimp/include/aiFileIO.h">
			<Option virtualFolder="addons/ofxAssimpModelLoader/libs/assimp/include" />
		</Unit>
		<Unit filename="../../of_v0.8.4_linux64_release/addons/ofxAssimpModelLoader/libs/assimp/include/aiLight.h">
			<Option virtualFolder="addons/ofxAssimpModelLoader/libs/assimp/include" />
		</Unit>
		<Unit filename="../../of_v0.8.4_linux64_release/addons/ofxAssimpModelLoader/libs/assimp/include/aiMaterial.h">
			<Option virtualFolder="addons/ofxAssimpModelLoader/libs/assimp/include" />
		</Unit>
		<Unit filename="../../of_v0.8.4_linux64_release/addons/ofxAssimpModelLoader/libs/assimp/include/aiMatrix3x3.h">
			<Option virtualFolder="addons/ofxAssimpModelLoader/libs/assimp/include" />
		</Unit>
		<Unit filename="../../of_v0.8.4_linux64_release/addons/ofxAssimpModelLoader/libs/assimp/include/aiMatrix4x4.h">
			<Option virtualFolder="addons/ofxAssimpModelLoader/libs/assimp/include" />
		</Unit>
		<Unit filename="../../of_v0.8.4_linux64_release/addons/ofxAssimpModelLoader/libs/assimp/include/aiMesh.h">
			<Option virtualFolder="addons/ofxAssimpModelLoader/libs/assimp/include" />
		</Unit>
		<Unit filename="../../of_v0.8.4_linux64_release/addons/ofxAssimpModelLoader/libs/assimp/include/aiPostProcess.h">
			<Option virtualFolder="addons/ofxAssimpModelLoader/libs/assimp/include" />
		</Unit>
		<Unit filename="../../of_v0.8.4_linux64_release/addons/ofxAssimpModelLoader/libs/assimp/include/aiQuaternion.h">
			<Option virtualFolder="addons/ofxAssimpModelLoader/libs/assimp/include" />
		</Unit>
		<Unit filename="../../of_v0.8.4_linux64_release/addons/ofxAssimpModelLoader/libs/assimp/include/aiScene.h">
			<Option virtualFolder="addons/ofxAssimpModelLoader/libs/assimp/include" />
		</Unit>
		<Unit filename="../../of_v0.8.4_linux64_release/addons/ofxAssimpModelLoader/libs/assimp/include/aiTexture.h">
			<Option virtualFolder="addons/ofxAssimpModelLoader/libs/assimp/include" />
		</Unit>
		<Unit filename="../../of_v0.8.4_linux64_release/addons/ofxAssimpModelLoader/libs/assimp/include/aiTypes.h">
			<Option virtualFolder="addons/ofxAssimpModelLoader/libs/assimp/include" />
		</Unit>
		<Unit filename="../../of_v0.8.4_linux64_release/addons/ofxAssimpModelLoader/libs/assimp/include/aiVector2D.h">
			<Option virtualFolder="addons/ofxAssimpModelLoader/libs/assimp/include" />
		</Unit>
		<Unit filename="../../of_v0.8.4_linux64_release/addons/ofxAssimpModelLoader/libs/assimp/include/aiVector3D.h">
			<Option virtualFolder="addons/ofxAssimpModelLoader/libs/assimp/include" />
		</Unit>
		<Unit filename="../../of_v0.8.4_linux64_release/addons/ofxAssimpModelLoader/libs/assimp/include/aiVersion.h">
			<Option virtualFolder="addons/ofxAssimpModelLoader/libs/assimp/include" />
		</Unit>
		<Unit filename="../../of_v0.8.4_linux64_release/addons/ofxAssimpModelLoader/libs/assimp/include/assimp.h">
			<Option virtualFolder="addons/ofxAssimpModelLoader/libs/assimp/include" />
		</Unit>
		<Unit filename="../../of_v0.8.4_linux64_release/addons/ofxAssimpModelLoader/libs/assimp/include/assimp.hpp">
			<Option virtualFolder="addons/ofxAssimpModelLoader/libs/assimp/include" />
		</Unit>
		<Unit filename="../../of_v0.8.4_linux64_release/addons/ofxAssimpModelLoader/src/ofxAssimpAnimation.cpp">
			<Option virtualFolder="addons/ofxAssimpModelLoader/src" />
		</Unit>
		<Unit filename="../../of_v0.8.4_linux64_release/addons/ofxAssimpModelLoader/src/ofxAssimpAnimation.h">
			<Option virtualFolder="addons/ofxAssimpModelLoader/src" />
		</Unit>
		<Unit filename="../../of_v0.8.4_linux64_release/addons/ofxAssimpModelLoader/src/ofxAssimpMeshHelper.cpp">
			<Option virtualFolder="addons/ofxAssimpModelLoader/src" />
		</Unit>
		<Unit filename="../../of_v0.8.4_linux64_release/addons/ofxAssimpModelLoader/src/ofxAssimpMeshHelper.h">
			<Option virtualFolder="addons/ofxAssimpModelLoader/src" />
		</Unit>
		<Unit filename="../../of_v0.8.4_linux64_release/addons/ofxAssimpModelLoader/src/ofxAssimpModelLoader.cpp">
			<Option virtualFolder="addons/ofxAssimpModelLoader/src" />
		</Unit>
		<Unit filename="../../of_v0.8.4_linux64_release/addons/ofxAssimpModelLoader/src/ofxAssimpModelLoader.h">
			<Option virtualFolder="addons/ofxAssimpModelLoader/src" />
		</Unit>
		<Unit filename="../../of_v0.8.4_linux64_release/addons/ofxAssimpModelLoader/src/ofxAssimpTexture.cpp">
			<Option virtualFolder="addons/ofxAssimpModelLoader/src" />
		</Unit>
		<Unit filename="../../of_v0.8.4_linux64_release/addons/ofxAssimpModelLoader/src/ofxAssimpTexture.h">
			<Option virtualFolder="addons/ofxAssimpModelLoader/src" />
		</Unit>
		<Unit filename="../../of_v0.8.4_linux64_release/addons/ofxAssimpModelLoader/src/ofxAssimpUtils.h">
			<Option virtualFolder="addons/ofxAssimpModelLoader/src" />
		</Unit>
		<Unit filename="../../of_v0.8.4_linux64_release/addons/ofxGui/src/ofxBaseGui.cpp">
			<Option virtualFolder="addons/ofxGui/src" />
		</Unit>
		<Unit filename="../../of_v0.8.4_linux64_release/addons/ofxGui/src/ofxBaseGui.h">
			<Option virtualFolder="addons/ofxGui/src" />
		</Unit>
		<Unit filename="../../of_v0.8.4_linux64_release/addons/ofxGui/src/ofxButton.cpp">
			<Option virtualFolder="addons/ofxGui/src" />
		</Unit>
		<Unit filename="../../of_v0.8.4_linux64_release/addons/ofxGui/src/ofxButton.h">
			<Option virtualFolder="addons/ofxGui/src" />
		</Unit>
		<Unit filename="../../of_v0.8.4_linux64_release/addons/ofxGui/src/ofxGui.h">
			<Option virtualFolder="addons/ofxGui/src" />
		</Unit>
		<Unit filename="../../of_v0.8.4_linux64_release/addons/ofxGui/src/ofxGuiGroup.cpp">
			<Option virtualFolder="addons/ofxGui/src" />
		</Unit>
		<Unit filename="../../of_v0.8.4_linux64_release/addons/ofxGui/src/ofxGuiGroup.h">
			<Option virtualFolder="addons/ofxGui/src" />
		</Unit>
		<Unit filename="../../of_v0.8.4_linux64_release/addons/ofxGui/src/ofxLabel.cpp">
			<Option virtualFolder="addons/ofxGui/src" />
		</Unit>
		<Unit filename="../../of_v0.8.4_linux64_release/addons/ofxGui/src/ofxLabel.h">
			<Option virtualFolder="addons/ofxGui/src" />
		</Unit>
		<Unit filename="../../of_v0.8.4_linux64_release/addons/ofxGui/src/ofxPanel.cpp">
			<Option virtualFolder="addons/ofxGui/src" />
		</Unit>
		<Unit filename="../../of_v0.8.4_linux64_release/addons/ofxGui/src/ofxPanel.h">
			<Option virtualFolder="addons/ofxGui/src" />
		</Unit>
		<Unit filename="../../of_v0.8.4_linux64_release/addons/ofxGui/src/ofxSlider.cpp">
			<Option virtualFolder="addons/ofxGui/src" />
		</Unit>
		<Unit filename="../../of_v0.8.4_linux64_release/addons/ofxGui/src/ofxSlider.h">
			<Option virtualFolder="addons/ofxGui/src" />
		</Unit>
		<Unit filename="../../of_v0.8.4_linux64_release/addons/ofxGui/src/ofxSliderGroup.cpp">
			<Option virtualFolder="addons/ofxGui/src" />
		</Unit>
		<Unit filename="../../of_v0.8.4_linux64_release/addons/ofxGui/src/ofxSliderGroup.h">
			<Option virtualFolder="addons/ofxGui/src" />
		</Unit>
		<Unit filename="../../of_v0.8.4_linux64_release/addons/ofxGui/src/ofxToggle.cpp">
			<Option virtualFolder="addons/ofxGui/src" />
		</Unit>
		<Unit filename="../../of_v0.8.4_linux64_release/addons/ofxGui/src/ofxToggle.h">
			<Option virtualFolder="addons/ofxGui/src" />
		</Unit>
		<Unit filename="../../of_v0.8.4_linux64_release/addons/ofxThreadedImageLoader/src/ofxThreadedImageLoader.cpp">
			<Option virtualFolder="addons/ofxThreadedImageLoader/src" />
		</Unit>
		<Unit filename="../../of_v0.8.4_linux64_release/addons/ofxThreadedImageLoader/src/ofxThreadedImageLoader.h">
			<Option virtualFolder="addons/ofxThreadedImageLoader/src" />
		</Unit>
		<Unit filename="../../of_v0.8.4_linux64_release/addons/ofxVectorGraphics/libs/CreEPS.cpp">
			<Option virtualFolder="addons/ofxVectorGraphics/libs" />
		</Unit>
		<Unit filename="../../of_v0.8.4_linux64_release/addons/ofxVectorGraphics/libs/CreEPS.hpp">
			<Option virtualFolder="addons/ofxVectorGraphics/libs" />
		</Unit>
		<Unit filename="../../of_v0.8.4_linux64_release/addons/ofxVectorGraphics/libs/CreEPS_Types.hpp">
			<Option virtualFolder="addons/ofxVectorGraphics/libs" />
		</Unit>
		<Unit filename="../../of_v0.8.4_linux64_release/addons/ofxVectorGraphics/src/ofxVectorGraphics.cpp">
			<Option virtualFolder="addons/ofxVectorGraphics/src" />
		</Unit>
		<Unit filename="../../of_v0.8.4_linux64_release/addons/ofxVectorGraphics/src/ofxVectorGraphics.h">
			<Option virtualFolder="addons/ofxVectorGraphics/src" />
		</Unit>
		<Unit filename="../../of_v0.8.4_linux64_release/addons/ofxXmlSettings/libs/tinyxml.cpp">
			<Option virtualFolder="addons/ofxXmlSettings/libs" />
		</Unit>
		<Unit filename="../../of_v0.8.4_linux64_release/addons/ofxXmlSettings/libs/tinyxml.h">
			<Option virtualFolder="addons/ofxXmlSettings/libs" />
		</Unit>
		<Unit filename="../../of_v0.8.4_linux64_release/addons/ofxXmlSettings/libs/tinyxmlerror.cpp">
			<Option virtualFolder="addons/ofxXmlSettings/libs" />
		</Unit>
		<Unit filename="../../of_v0.8.4_linux64_release/addons/ofxXmlSettings/libs/tinyxmlparser.cpp">
			<Option virtualFolder="addons/ofxXmlSettings/libs" />
		</Unit>
		<Unit filename="../../of_v0.8.4_linux64_release/addons/ofxXmlSettings/src/ofxXmlSettings.cpp">
			<Option virtualFolder="addons/ofxXmlSettings/src" />
		</Unit>
		<Unit filename="../../of_v0.8.4_linux64_release/addons/ofxXmlSettings/src/ofxXmlSettings.h">
			<Option virtualFolder="addons/ofxXmlSettings/src" />
		</Unit>
		<Unit filename="config.make">
			<Option virtualFolder="build config" />
		</Unit>
		<Unit filename="src/main.cpp">
			<Option virtualFolder="src/" />
		</Unit>
		<Unit filename="src/ofApp.cpp">
			<Option virtualFolder="src/" />
		</Unit>
		<Unit filename="src/ofApp.h">
			<Option virtualFolder="src/" />
		</Unit>
		<Extensions>
			<code_completion />
			<envvars />
			<debugger />
		</Extensions>
	</Project>
</CodeBlocks_project_file>
